<Solution>
  <Project Path="Application/GoodHamburger.Application.csproj" />
  <Project Path="Domain/GoodHamburger.Domain.csproj" />
  <Project Path="GoodHamburger.Web/GoodHamburger.Web.csproj" Id="5de614a4-bbde-4418-9a81-f5bf896ff884" />
  <Project Path="good_hamburger/GoodHamburger.Api.csproj" />
  <Project Path="Infrastructure/GoodHamburger.Infrastructure.csproj" />
  <Project Path="Tests/Tests.Unit.csproj" />
</Solution>
